
Microsoft Visual Studio Solution File, Format Version 12.00
# Visual Studio Version 16
VisualStudioVersion = 16.0.31624.102
MinimumVisualStudioVersion = 10.0.40219.1
Project("{FAE04EC0-301F-11D3-BF4B-00C04F79EFBC}") = "FileSorting", "FileSorting\FileSorting.csproj", "{73EFEA63-96DC-458E-9834-FBC2C694DF3B}"
EndProject
Global
	GlobalSection(SolutionConfigurationPlatforms) = preSolution
		Debug|Any CPU = Debug|Any CPU
		Release|Any CPU = Release|Any CPU
	EndGlobalSection
	GlobalSection(ProjectConfigurationPlatforms) = postSolution
		{73EFEA63-96DC-458E-9834-FBC2C694DF3B}.Debug|Any CPU.ActiveCfg = Debug|Any CPU
		{73EFEA63-96DC-458E-9834-FBC2C694DF3B}.Debug|Any CPU.Build.0 = Debug|Any CPU
		{73EFEA63-96DC-458E-9834-FBC2C694DF3B}.Release|Any CPU.ActiveCfg = Release|Any CPU
		{73EFEA63-96DC-458E-9834-FBC2C694DF3B}.Release|Any CPU.Build.0 = Release|Any CPU
	EndGlobalSection
	GlobalSection(SolutionProperties) = preSolution
		HideSolutionNode = FALSE
	EndGlobalSection
	GlobalSection(ExtensibilityGlobals) = postSolution
		SolutionGuid = {03B92759-B492-41C4-BB9C-E84FC47B4654}
	EndGlobalSection
EndGlobal
